github.com/Jxck/color v0.0.0-20150710091843-32f7aabefa1d h1:Q3O8p8Fbe8PvEHxnVuBJLrfbXUaBgjCazJzWGhtN5nI=
github.com/Jxck/color v0.0.0-20150710091843-32f7aabefa1d/go.mod h1:THNSAC5ei1Met3VY1gssexpmnddctUKk7GcN9+Tinw8=
github.com/Jxck/logger v0.0.0-20141016174915-6123e712dcb9 h1:ljasPpIqiDeGp8QKV8ZFixfj5dPUP7bWkDT/ZUuWB4g=
github.com/Jxck/logger v0.0.0-20141016174915-6123e712dcb9/go.mod h1:8CX4sJDVcvOVu5sdXzx/YX1wYl/3+SGRcvTqFJwo2xA=
